
Microsoft Visual Studio Solution File, Format Version 12.00
# Visual Studio 14
VisualStudioVersion = 14.0.25123.0
MinimumVisualStudioVersion = 10.0.40219.1
Project("{FAE04EC0-301F-11D3-BF4B-00C04F79EFBC}") = "Spectrum", "Spectrum\Spectrum.csproj", "{C485F7F4-1DB1-4AF4-859B-F8CAF0D19D09}"
EndProject
Project("{FAE04EC0-301F-11D3-BF4B-00C04F79EFBC}") = "Base", "Base\Base.csproj", "{5258999B-1E36-4A6C-9674-23C259DAD81E}"
EndProject
Project("{FAE04EC0-301F-11D3-BF4B-00C04F79EFBC}") = "LEDs", "LEDs\LEDs.csproj", "{872A880B-DDF1-47C8-BA70-F1AECEF2546C}"
EndProject
Project("{FAE04EC0-301F-11D3-BF4B-00C04F79EFBC}") = "Hues", "Hues\Hues.csproj", "{5A363AF7-650A-4A12-86BB-FACC73A6DEF2}"
EndProject
Global
	GlobalSection(SolutionConfigurationPlatforms) = preSolution
		Debug|Any CPU = Debug|Any CPU
		Release|Any CPU = Release|Any CPU
	EndGlobalSection
	GlobalSection(ProjectConfigurationPlatforms) = postSolution
		{C485F7F4-1DB1-4AF4-859B-F8CAF0D19D09}.Debug|Any CPU.ActiveCfg = Debug|Any CPU
		{C485F7F4-1DB1-4AF4-859B-F8CAF0D19D09}.Debug|Any CPU.Build.0 = Debug|Any CPU
		{C485F7F4-1DB1-4AF4-859B-F8CAF0D19D09}.Release|Any CPU.ActiveCfg = Release|Any CPU
		{C485F7F4-1DB1-4AF4-859B-F8CAF0D19D09}.Release|Any CPU.Build.0 = Release|Any CPU
		{5258999B-1E36-4A6C-9674-23C259DAD81E}.Debug|Any CPU.ActiveCfg = Debug|Any CPU
		{5258999B-1E36-4A6C-9674-23C259DAD81E}.Debug|Any CPU.Build.0 = Debug|Any CPU
		{5258999B-1E36-4A6C-9674-23C259DAD81E}.Release|Any CPU.ActiveCfg = Release|Any CPU
		{5258999B-1E36-4A6C-9674-23C259DAD81E}.Release|Any CPU.Build.0 = Release|Any CPU
		{872A880B-DDF1-47C8-BA70-F1AECEF2546C}.Debug|Any CPU.ActiveCfg = Debug|Any CPU
		{872A880B-DDF1-47C8-BA70-F1AECEF2546C}.Debug|Any CPU.Build.0 = Debug|Any CPU
		{872A880B-DDF1-47C8-BA70-F1AECEF2546C}.Release|Any CPU.ActiveCfg = Release|Any CPU
		{872A880B-DDF1-47C8-BA70-F1AECEF2546C}.Release|Any CPU.Build.0 = Release|Any CPU
		{5A363AF7-650A-4A12-86BB-FACC73A6DEF2}.Debug|Any CPU.ActiveCfg = Debug|Any CPU
		{5A363AF7-650A-4A12-86BB-FACC73A6DEF2}.Debug|Any CPU.Build.0 = Debug|Any CPU
		{5A363AF7-650A-4A12-86BB-FACC73A6DEF2}.Release|Any CPU.ActiveCfg = Release|Any CPU
		{5A363AF7-650A-4A12-86BB-FACC73A6DEF2}.Release|Any CPU.Build.0 = Release|Any CPU
	EndGlobalSection
	GlobalSection(SolutionProperties) = preSolution
		HideSolutionNode = FALSE
	EndGlobalSection
EndGlobal
