
Microsoft Visual Studio Solution File, Format Version 12.00
# Visual Studio Version 16
VisualStudioVersion = 16.0.28803.452
MinimumVisualStudioVersion = 10.0.40219.1
Project("{FAE04EC0-301F-11D3-BF4B-00C04F79EFBC}") = "Spectrum", "Spectrum\Spectrum.csproj", "{C485F7F4-1DB1-4AF4-859B-F8CAF0D19D09}"
EndProject
Project("{FAE04EC0-301F-11D3-BF4B-00C04F79EFBC}") = "Base", "Base\Base.csproj", "{5258999B-1E36-4A6C-9674-23C259DAD81E}"
EndProject
Project("{FAE04EC0-301F-11D3-BF4B-00C04F79EFBC}") = "LEDs", "LEDs\LEDs.csproj", "{872A880B-DDF1-47C8-BA70-F1AECEF2546C}"
EndProject
Project("{FAE04EC0-301F-11D3-BF4B-00C04F79EFBC}") = "Audio", "Audio\Audio.csproj", "{7394EF18-BAF4-4EC2-A078-4BA82F20C5FF}"
EndProject
Project("{FAE04EC0-301F-11D3-BF4B-00C04F79EFBC}") = "MIDI", "MIDI\MIDI.csproj", "{6360857C-0B88-4AF4-B939-BA60083063F0}"
EndProject
Project("{FAE04EC0-301F-11D3-BF4B-00C04F79EFBC}") = "Spectrum.Core", "Core\Spectrum.Core.csproj", "{7BA4B319-09A1-4B78-90FC-21F5D36A79D5}"
EndProject
Project("{FAE04EC0-301F-11D3-BF4B-00C04F79EFBC}") = "Spectrum.Host", "Host\Spectrum.Host.csproj", "{ED58BA4D-B0DC-41B4-96BA-6B599DB79BC2}"
EndProject
Project("{FAE04EC0-301F-11D3-BF4B-00C04F79EFBC}") = "Spectrum.Platform.Linux", "Platform.Linux\Spectrum.Platform.Linux.csproj", "{D204BE30-FC91-4C82-95F5-524BA6CBF164}"
EndProject
Project("{FAE04EC0-301F-11D3-BF4B-00C04F79EFBC}") = "Spectrum.Web", "Web\Spectrum.Web.csproj", "{1C728064-A98B-4AD4-AD76-7F0F413C8E51}"
EndProject
Project("{FAE04EC0-301F-11D3-BF4B-00C04F79EFBC}") = "Spectrum.LayerPipeline.Tests", "Tests\Spectrum.LayerPipeline.Tests.csproj", "{9AE50863-C8FE-4B0B-95D7-94B415F433D5}"
EndProject
Project("{FAE04EC0-301F-11D3-BF4B-00C04F79EFBC}") = "Spectrum.PortableLayerPipeline.Tests", "Tests\PortableLayerPipeline\Spectrum.PortableLayerPipeline.Tests.csproj", "{69452213-ED32-40CC-98DC-F290B9964168}"
EndProject
Project("{FAE04EC0-301F-11D3-BF4B-00C04F79EFBC}") = "Spectrum.Portability.Tests", "Tests\Portability\Spectrum.Portability.Tests.csproj", "{BFA4F4C4-B236-4BDB-817E-C0AAE1AF6BAA}"
EndProject
Project("{FAE04EC0-301F-11D3-BF4B-00C04F79EFBC}") = "Spectrum.LayerPipeline.TestSupport", "Tests\LayerPipeline.TestSupport\Spectrum.LayerPipeline.TestSupport.csproj", "{CD5E423B-A801-4908-B3DB-4CF29A95BEBE}"
EndProject
Project("{2150E333-8FDC-42A3-9474-1A3956D46DE8}") = "Solution Items", "Solution Items", "{48BA8332-3FB0-40F6-A887-BDAE6731BDF0}"
	ProjectSection(SolutionItems) = preProject
		.editorconfig = .editorconfig
	EndProjectSection
EndProject
Project("{2150E333-8FDC-42A3-9474-1A3956D46DE8}") = "Madmom", "Madmom", "{14D4EFB8-2199-4A39-ACC4-39E8186B9A8C}"
	ProjectSection(SolutionItems) = preProject
		Madmom\Madmom.pyproj = Madmom\Madmom.pyproj
		Madmom\pyproject.toml = Madmom\pyproject.toml
		Madmom\requirements.txt = Madmom\requirements.txt
		Madmom\setup.py = Madmom\setup.py
	EndProjectSection
EndProject
Global
	GlobalSection(SolutionConfigurationPlatforms) = preSolution
		Debug|Any CPU = Debug|Any CPU
		Release|Any CPU = Release|Any CPU
	EndGlobalSection
	GlobalSection(ProjectConfigurationPlatforms) = postSolution
		{C485F7F4-1DB1-4AF4-859B-F8CAF0D19D09}.Debug|Any CPU.ActiveCfg = Debug|Any CPU
		{C485F7F4-1DB1-4AF4-859B-F8CAF0D19D09}.Debug|Any CPU.Build.0 = Debug|Any CPU
		{C485F7F4-1DB1-4AF4-859B-F8CAF0D19D09}.Release|Any CPU.ActiveCfg = Release|Any CPU
		{C485F7F4-1DB1-4AF4-859B-F8CAF0D19D09}.Release|Any CPU.Build.0 = Release|Any CPU
		{5258999B-1E36-4A6C-9674-23C259DAD81E}.Debug|Any CPU.ActiveCfg = Debug|Any CPU
		{5258999B-1E36-4A6C-9674-23C259DAD81E}.Debug|Any CPU.Build.0 = Debug|Any CPU
		{5258999B-1E36-4A6C-9674-23C259DAD81E}.Release|Any CPU.ActiveCfg = Release|Any CPU
		{5258999B-1E36-4A6C-9674-23C259DAD81E}.Release|Any CPU.Build.0 = Release|Any CPU
		{872A880B-DDF1-47C8-BA70-F1AECEF2546C}.Debug|Any CPU.ActiveCfg = Debug|Any CPU
		{872A880B-DDF1-47C8-BA70-F1AECEF2546C}.Debug|Any CPU.Build.0 = Debug|Any CPU
		{872A880B-DDF1-47C8-BA70-F1AECEF2546C}.Release|Any CPU.ActiveCfg = Release|Any CPU
		{872A880B-DDF1-47C8-BA70-F1AECEF2546C}.Release|Any CPU.Build.0 = Release|Any CPU
		{7394EF18-BAF4-4EC2-A078-4BA82F20C5FF}.Debug|Any CPU.ActiveCfg = Debug|Any CPU
		{7394EF18-BAF4-4EC2-A078-4BA82F20C5FF}.Debug|Any CPU.Build.0 = Debug|Any CPU
		{7394EF18-BAF4-4EC2-A078-4BA82F20C5FF}.Release|Any CPU.ActiveCfg = Release|Any CPU
		{7394EF18-BAF4-4EC2-A078-4BA82F20C5FF}.Release|Any CPU.Build.0 = Release|Any CPU
		{6360857C-0B88-4AF4-B939-BA60083063F0}.Debug|Any CPU.ActiveCfg = Debug|Any CPU
		{6360857C-0B88-4AF4-B939-BA60083063F0}.Debug|Any CPU.Build.0 = Debug|Any CPU
		{6360857C-0B88-4AF4-B939-BA60083063F0}.Release|Any CPU.ActiveCfg = Release|Any CPU
		{6360857C-0B88-4AF4-B939-BA60083063F0}.Release|Any CPU.Build.0 = Release|Any CPU
		{7BA4B319-09A1-4B78-90FC-21F5D36A79D5}.Debug|Any CPU.ActiveCfg = Debug|Any CPU
		{7BA4B319-09A1-4B78-90FC-21F5D36A79D5}.Debug|Any CPU.Build.0 = Debug|Any CPU
		{7BA4B319-09A1-4B78-90FC-21F5D36A79D5}.Release|Any CPU.ActiveCfg = Release|Any CPU
		{7BA4B319-09A1-4B78-90FC-21F5D36A79D5}.Release|Any CPU.Build.0 = Release|Any CPU
		{ED58BA4D-B0DC-41B4-96BA-6B599DB79BC2}.Debug|Any CPU.ActiveCfg = Debug|Any CPU
		{ED58BA4D-B0DC-41B4-96BA-6B599DB79BC2}.Debug|Any CPU.Build.0 = Debug|Any CPU
		{ED58BA4D-B0DC-41B4-96BA-6B599DB79BC2}.Release|Any CPU.ActiveCfg = Release|Any CPU
		{ED58BA4D-B0DC-41B4-96BA-6B599DB79BC2}.Release|Any CPU.Build.0 = Release|Any CPU
		{D204BE30-FC91-4C82-95F5-524BA6CBF164}.Debug|Any CPU.ActiveCfg = Debug|Any CPU
		{D204BE30-FC91-4C82-95F5-524BA6CBF164}.Debug|Any CPU.Build.0 = Debug|Any CPU
		{D204BE30-FC91-4C82-95F5-524BA6CBF164}.Release|Any CPU.ActiveCfg = Release|Any CPU
		{D204BE30-FC91-4C82-95F5-524BA6CBF164}.Release|Any CPU.Build.0 = Release|Any CPU
		{1C728064-A98B-4AD4-AD76-7F0F413C8E51}.Debug|Any CPU.ActiveCfg = Debug|Any CPU
		{1C728064-A98B-4AD4-AD76-7F0F413C8E51}.Debug|Any CPU.Build.0 = Debug|Any CPU
		{1C728064-A98B-4AD4-AD76-7F0F413C8E51}.Release|Any CPU.ActiveCfg = Release|Any CPU
		{1C728064-A98B-4AD4-AD76-7F0F413C8E51}.Release|Any CPU.Build.0 = Release|Any CPU
		{9AE50863-C8FE-4B0B-95D7-94B415F433D5}.Debug|Any CPU.ActiveCfg = Debug|Any CPU
		{9AE50863-C8FE-4B0B-95D7-94B415F433D5}.Debug|Any CPU.Build.0 = Debug|Any CPU
		{9AE50863-C8FE-4B0B-95D7-94B415F433D5}.Release|Any CPU.ActiveCfg = Release|Any CPU
		{9AE50863-C8FE-4B0B-95D7-94B415F433D5}.Release|Any CPU.Build.0 = Release|Any CPU
		{69452213-ED32-40CC-98DC-F290B9964168}.Debug|Any CPU.ActiveCfg = Debug|Any CPU
		{69452213-ED32-40CC-98DC-F290B9964168}.Debug|Any CPU.Build.0 = Debug|Any CPU
		{69452213-ED32-40CC-98DC-F290B9964168}.Release|Any CPU.ActiveCfg = Release|Any CPU
		{69452213-ED32-40CC-98DC-F290B9964168}.Release|Any CPU.Build.0 = Release|Any CPU
		{BFA4F4C4-B236-4BDB-817E-C0AAE1AF6BAA}.Debug|Any CPU.ActiveCfg = Debug|Any CPU
		{BFA4F4C4-B236-4BDB-817E-C0AAE1AF6BAA}.Debug|Any CPU.Build.0 = Debug|Any CPU
		{BFA4F4C4-B236-4BDB-817E-C0AAE1AF6BAA}.Release|Any CPU.ActiveCfg = Release|Any CPU
		{BFA4F4C4-B236-4BDB-817E-C0AAE1AF6BAA}.Release|Any CPU.Build.0 = Release|Any CPU
		{CD5E423B-A801-4908-B3DB-4CF29A95BEBE}.Debug|Any CPU.ActiveCfg = Debug|Any CPU
		{CD5E423B-A801-4908-B3DB-4CF29A95BEBE}.Debug|Any CPU.Build.0 = Debug|Any CPU
		{CD5E423B-A801-4908-B3DB-4CF29A95BEBE}.Release|Any CPU.ActiveCfg = Release|Any CPU
		{CD5E423B-A801-4908-B3DB-4CF29A95BEBE}.Release|Any CPU.Build.0 = Release|Any CPU
	EndGlobalSection
	GlobalSection(SolutionProperties) = preSolution
		HideSolutionNode = FALSE
	EndGlobalSection
	GlobalSection(ExtensibilityGlobals) = postSolution
		SolutionGuid = {CBA9C90A-53D9-4E26-A532-89503488A229}
	EndGlobalSection
EndGlobal
